
Microsoft Visual Studio Solution File, Format Version 12.00
# Visual Studio Version 16
VisualStudioVersion = 16.0.33130.400
MinimumVisualStudioVersion = 10.0.40219.1
Project("{FAE04EC0-301F-11D3-BF4B-00C04F79EFBC}") = "master-pages", "master-pages\master-pages.csproj", "{3C7B922A-749E-415F-BBF1-84F5B4401DCC}"
EndProject
Global
	GlobalSection(SolutionConfigurationPlatforms) = preSolution
		Debug|Any CPU = Debug|Any CPU
		Release|Any CPU = Release|Any CPU
	EndGlobalSection
	GlobalSection(ProjectConfigurationPlatforms) = postSolution
		{3C7B922A-749E-415F-BBF1-84F5B4401DCC}.Debug|Any CPU.ActiveCfg = Debug|Any CPU
		{3C7B922A-749E-415F-BBF1-84F5B4401DCC}.Debug|Any CPU.Build.0 = Debug|Any CPU
		{3C7B922A-749E-415F-BBF1-84F5B4401DCC}.Release|Any CPU.ActiveCfg = Release|Any CPU
		{3C7B922A-749E-415F-BBF1-84F5B4401DCC}.Release|Any CPU.Build.0 = Release|Any CPU
	EndGlobalSection
	GlobalSection(SolutionProperties) = preSolution
		HideSolutionNode = FALSE
	EndGlobalSection
	GlobalSection(ExtensibilityGlobals) = postSolution
		SolutionGuid = {60386B36-9287-4C01-8DA2-1E8DAB42B516}
	EndGlobalSection
EndGlobal
