
Microsoft Visual Studio Solution File, Format Version 12.00
# Visual Studio Version 16
VisualStudioVersion = 16.0.33027.164
MinimumVisualStudioVersion = 10.0.40219.1
Project("{FAE04EC0-301F-11D3-BF4B-00C04F79EFBC}") = "BandPage", "BandPage\BandPage.csproj", "{A795A6E3-C7F3-47F2-BCEF-78AC31541921}"
EndProject
Global
	GlobalSection(SolutionConfigurationPlatforms) = preSolution
		Debug|Any CPU = Debug|Any CPU
		Release|Any CPU = Release|Any CPU
	EndGlobalSection
	GlobalSection(ProjectConfigurationPlatforms) = postSolution
		{A795A6E3-C7F3-47F2-BCEF-78AC31541921}.Debug|Any CPU.ActiveCfg = Debug|Any CPU
		{A795A6E3-C7F3-47F2-BCEF-78AC31541921}.Debug|Any CPU.Build.0 = Debug|Any CPU
		{A795A6E3-C7F3-47F2-BCEF-78AC31541921}.Release|Any CPU.ActiveCfg = Release|Any CPU
		{A795A6E3-C7F3-47F2-BCEF-78AC31541921}.Release|Any CPU.Build.0 = Release|Any CPU
	EndGlobalSection
	GlobalSection(SolutionProperties) = preSolution
		HideSolutionNode = FALSE
	EndGlobalSection
	GlobalSection(ExtensibilityGlobals) = postSolution
		SolutionGuid = {752039F3-D402-4E31-BDE5-8E92129624E6}
	EndGlobalSection
EndGlobal
